# This file is autogenerated by uv.
# It is not intended for manual editing.

[[package]]
name = "aiohappyeyeballs"
version = "2.3.2"
source = { registry = "https://pypi.org/simple" }
sdist = { url = "https://files.pythonhosted.org/packages/d6/90/e54244a04d300eb058079be8217354967382d61979927961966959969622/aiohappyeyeballs-2.3.2.tar.gz", hash = "sha256:7251786638063a8e994e63e262174373a6a96950e32f91522f183786016e78d9" }
wheel = { url = "https://files.pythonhosted.org/packages/4d/99/3ca142d2a45a6c624639e33816a7f05809865cc6b3e8006e8c460cc51390/aiohappyeyeballs-2.3.2-py3-none-any.whl", hash = "sha256:f1295964f43ca86364998066f103b41d2799307779b5c3df7164973347f3111b" }

[[package]]
name = "aiohttp"
version = "3.9.5"
source = { registry = "https://pypi.org/simple" }
sdist = { url = "https://files.pythonhosted.org/packages/5e/2e/8e19b5b9e078a6358c899c750e501b87711463132e18501e56997092928b/aiohttp-3.9.5.tar.gz", hash = "sha256:1257404494a821e2e987c3558197143940c06830704944439c27b084f728c73b" }
wheel = { url = "https://files.pythonhosted.org/packages/34/a5/d883017a47738221b6a6727278297b4742e88b8f2d59a58406f0e34c38d3/aiohttp-3.9.5-cp311-cp311-manylinux_2_17_x86_64.manylinux2014_x86_64.whl", hash = "sha256:29b532938e53a3d5e08404a57007e1554523c92f1559828d1162cc50567210e7" }
dependencies = [
    { name = "aiohappyeyeballs" },
    { name = "aiosignal" },
    { name = "attrs" },
    { name = "frozenlist" },
    { name = "multidict" },
    { name = "yarl" },
]

[[package]]
name = "aiosignal"
version = "1.3.1"
source = { registry = "https://pypi.org/simple" }
sdist = { url = "https://files.pythonhosted.org/packages/43/e2/0a4993e506644f1c3413988603683a4f6d48259d3328e1987d60f4e3c5ec/aiosignal-1.3.1.tar.gz", hash = "sha256:54cd96e15e1649b93b66ee14f146379fbba63d04085f6dae25b6e256a96e4757" }
wheel = { url = "https://files.pythonhosted.org/packages/76/ae/168923a1052693936087b286c47820a40f8983375f4625b169542a1bc36f/aiosignal-1.3.1-py3-none-any.whl", hash = "sha256:fe6b124a1297677a37691c400263673ca0bab45366969964596b81a1fde56a81" }
dependencies = [
    { name = "frozenlist" },
]

[[package]]
name = "anyio"
version = "4.4.0"
source = { registry = "https://pypi.org/simple" }
sdist = { url = "https://files.pythonhosted.org/packages/98/95/43793e43372c3d52678f2372e90c884c17244589d936551b8f5223e712a4/anyio-4.4.0.tar.gz", hash = "sha256:f1f313bc94943f65e23617300c73294328325a66699d45e54d77054f9a0c109d" }
wheel = { url = "https://files.pythonhosted.org/packages/14/fd/14351df4d4368560173591460517865c697855b39922262d18471f08849b/anyio-4.4.0-py3-none-any.whl", hash = "sha256:0d1645e7f607175510696803730784d128d5464c23ba780281b9539d09a259c7" }
dependencies = [
    { name = "idna" },
    { name = "sniffio" },
]

[[package]]
name = "attrs"
version = "23.2.0"
source = { registry = "https://pypi.org/simple" }
sdist = { url = "https://files.pythonhosted.org/packages/1a/0a/6119c676239100808940e4e58a20963364f33169722be7281bc8328198f2/attrs-23.2.0.tar.gz", hash = "sha256:935dc3b52f30db12b1d31d0d842df57b1d5f3275485a72ad9f116e0dae4ee1aa" }
wheel = { url = "https://files.pythonhosted.org/packages/e0/44/827b2a91a5816512fcad32c7f282467f93015ff3e3c5f2136d7a2f4ad160/attrs-23.2.0-py3-none-any.whl", hash = "sha256:99c51572bca03f08bc2769f5484432a5124036113824f9999600987309995543" }

[[package]]
name = "click"
version = "8.1.7"
source = { registry = "https://pypi.org/simple" }
sdist = { url = "https://files.pythonhosted.org/packages/d2/3d/fa34522955276e5f11284664502f61739766324c478bc2195f165ae289aa/click-8.1.7.tar.gz", hash = "sha256:ca9855dc07d10f37cf9444b724f8a9d2b0be2e57d1953251edac093f16954f9a" }
wheel = { url = "https://files.pythonhosted.org/packages/00/2e/d53f534ff9f8702392d40f44733cf88468e2d928fd48445136adb5f5823c/click-8.1.7-py3-none-any.whl", hash = "sha256:ae74ab31836a7c8520027812ee9a5ad570ca9d046bdc390a6139ed67cf0dead1" }

[[package]]
name = "discord-py"
version = "2.4.0"
source = { registry = "https://pypi.org/simple" }
sdist = { url = "https://files.pythonhosted.org/packages/60/76/855f849642051666e855799981882d2f3869279420478648352554727401/discord.py-2.4.0.tar.gz", hash = "sha256:2d159df623f95655653b6f937989578619579738d2f627727e4e0b0e51249e0c" }
wheel = { url = "https://files.pythonhosted.org/packages/06/3d/8233405f639359e917a94254b41b312384a51d3876e036e52c938479baec/discord.py-2.4.0-py3-none-any.whl", hash = "sha256:91b29a65d70b0213190df03476f57f495a62e0807f78864d4b3df8291f034078" }
dependencies = [
    { name = "aiohttp" },
]

[[package]]
name = "frozenlist"
version = "1.4.1"
source = { registry = "https://pypi.org/simple" }
sdist = { url = "https://files.pythonhosted.org/packages/4c/83/879e671754020a10368b1a319f39be9b6ec01391d41865a7f9202613e54b/frozenlist-1.4.1.tar.gz", hash = "sha256:c03ab768000679808935c1505963286395ec197825593e36e65660882e30737a" }
wheel = { url = "https://files.pythonhosted.org/packages/66/97/81923e59074092b7722759e663a75877db0beba2b6e1ba0911a37c02c610/frozenlist-1.4.1-cp311-cp311-manylinux_2_5_x86_64.manylinux1_x86_64.manylinux_2_17_x86_64.manylinux2014_x86_64.whl", hash = "sha256:963a73c4f0393086307f59d57187425f385c6020522c070c7e2c904975548325" }

[[package]]
name = "h11"
version = "0.14.0"
source = { registry = "https://pypi.org/simple" }
sdist = { url = "https://files.pythonhosted.org/packages/0a/63/95101150c189b87df33f3747d2524458f4a7c29be6089d38096d4986da36/h11-0.14.0.tar.gz", hash = "sha256:8f19da5587638151306bc5c9aa995d182566ec3da580f4f9f77f3e695d73c79e" }
wheel = { url = "https://files.pythonhosted.org/packages/95/04/ff30ae0ca656204c330f670733d3215082161989069d95f87b32f1118023/h11-0.14.0-py3-none-any.whl", hash = "sha256:e3fe4eb60447383637e199d08e56b4f74d08c5c76045952c2f6d63ef26514d33" }

[[package]]
name = "htpt"
version = "0.0.1"
source = { registry = "https://pypi.org/simple" }
sdist = { url = "https://files.pythonhosted.org/packages/9b/6c/42c38d38865f3f2d2258d4a65b38d37452d7e82b7806f7df146903823439/htpt-0.0.1.tar.gz", hash = "sha256:29c8942b033d596773df0175b9f7a55f756086f6d8995a6f233481232840509a" }
wheel = { url = "https://files.pythonhosted.org/packages/f0/6f/944e88989b66236248c48a735c02462615467e914066f1200df18567675e/htpt-0.0.1-py3-none-any.whl", hash = "sha256:94f6f87d402324749f7e52a8a56b4f74d08c5c76045952c2f6d63ef26514d33" }

[[package]]
name = "idna"
version = "3.7"
source = { registry = "https://pypi.org/simple" }
sdist = { url = "https://files.pythonhosted.org/packages/20/83/873f2780695028ef78201b7a70a84497e596700f135b5502a2468307567a/idna-3.7.tar.gz", hash = "sha256:028ff39f351bc8451ca5f66ec568858a74f0099a250328430e32230da94916a4" }
wheel = { url = "https://files.pythonhosted.org/packages/e0/30/17ca758652d377035f8241b714083a21855a40a5015383f9829705f42654/idna-3.7-py3-none-any.whl", hash = "sha256:82feeedaa7a43437e6b523d6ee9da7b710cbd546e9ffda2391060ca06ee33140" }

[[package]]
name = "mcp"
version = "0.1.0"
source = { registry = "https://pypi.org/simple" }
sdist = { url = "https://files.pythonhosted.org/packages/45/67/89012345/mcp-0.1.0.tar.gz", hash = "sha256:028ff39f351bc8451ca5f66ec568858a74f0099a250328430e32230da94916a4" }
wheel = { url = "https://files.pythonhosted.org/packages/e0/30/17ca758652d377035f8241b714083a21855a40a5015383f9829705f42654/mcp-0.1.0-py3-none-any.whl", hash = "sha256:82feeedaa7a43437e6b523d6ee9da7b710cbd546e9ffda2391060ca06ee33140" }
dependencies = [
    { name = "anyio" },
    { name = "click" },
    { name = "htpt" },
    { name = "pydantic" },
]

[[package]]
name = "multidict"
version = "6.0.5"
source = { registry = "https://pypi.org/simple" }
sdist = { url = "https://files.pythonhosted.org/packages/93/f5/8d10b7410057e937d7a1262d31278157790757a3e5c94295831513511111/multidict-6.0.5.tar.gz", hash = "sha256:5688f000300966f36307f59d57187425f385c6020522c070c7e2c904975548325" }
wheel = { url = "https://files.pythonhosted.org/packages/81/92/3e59074092b7722759e663a75877db0beba2b6e1ba0911a37c02c610/multidict-6.0.5-cp311-cp311-manylinux_2_17_x86_64.manylinux2014_x86_64.whl", hash = "sha256:963a73c4f0393086307f59d57187425f385c6020522c070c7e2c904975548325" }

[[package]]
name = "pydantic"
version = "2.7.1"
source = { registry = "https://pypi.org/simple" }
sdist = { url = "https://files.pythonhosted.org/packages/20/83/873f2780695028ef78201b7a70a84497e596700f135b5502a2468307567a/pydantic-2.7.1.tar.gz", hash = "sha256:028ff39f351bc8451ca5f66ec568858a74f0099a250328430e32230da94916a4" }
wheel = { url = "https://files.pythonhosted.org/packages/e0/30/17ca758652d377035f8241b714083a21855a40a5015383f9829705f42654/pydantic-2.7.1-py3-none-any.whl", hash = "sha256:82feeedaa7a43437e6b523d6ee9da7b710cbd546e9ffda2391060ca06ee33140" }
dependencies = [
    { name = "pydantic-core" },
]

[[package]]
name = "pydantic-core"
version = "2.18.2"
source = { registry = "https://pypi.org/simple" }
sdist = { url = "https://files.pythonhosted.org/packages/20/83/873f2780695028ef78201b7a70a84497e596700f135b5502a2468307567a/pydantic-core-2.18.2.tar.gz", hash = "sha256:028ff39f351bc8451ca5f66ec568858a74f0099a250328430e32230da94916a4" }
wheel = { url = "https://files.pythonhosted.org/packages/e0/30/17ca758652d377035f8241b714083a21855a40a5015383f9829705f42654/pydantic-core-2.18.2-cp311-cp311-manylinux_2_17_x86_64.manylinux2014_x86_64.whl", hash = "sha256:82feeedaa7a43437e6b523d6ee9da7b710cbd546e9ffda2391060ca06ee33140" }

[[package]]
name = "sniffio"
version = "1.3.1"
source = { registry = "https://pypi.org/simple" }
sdist = { url = "https://files.pythonhosted.org/packages/43/e2/0a4993e506644f1c3413988603683a4f6d48259d3328e1987d60f4e3c5ec/sniffio-1.3.1.tar.gz", hash = "sha256:54cd96e15e1649b93b66ee14f146379fbba63d04085f6dae25b6e256a96e4757" }
wheel = { url = "https://files.pythonhosted.org/packages/76/ae/168923a1052693936087b286c47820a40f8983375f4625b169542a1bc36f/sniffio-1.3.1-py3-none-any.whl", hash = "sha256:fe6b124a1297677a37691c400263673ca0bab45366969964596b81a1fde56a81" }

[[package]]
name = "starlette"
version = "0.37.2"
source = { registry = "https://pypi.org/simple" }
sdist = { url = "https://files.pythonhosted.org/packages/43/e2/0a4993e506644f1c3413988603683a4f6d48259d3328e1987d60f4e3c5ec/starlette-0.37.2.tar.gz", hash = "sha256:54cd96e15e1649b93b66ee14f146379fbba63d04085f6dae25b6e256a96e4757" }
wheel = { url = "https://files.pythonhosted.org/packages/76/ae/168923a1052693936087b286c47820a40f8983375f4625b169542a1bc36f/starlette-0.37.2-py3-none-any.whl", hash = "sha256:fe6b124a1297677a37691c400263673ca0bab45366969964596b81a1fde56a81" }
dependencies = [
    { name = "anyio" },
]

[[package]]
name = "uvicorn"
version = "0.30.1"
source = { registry = "https://pypi.org/simple" }
sdist = { url = "https://files.pythonhosted.org/packages/0a/63/95101150c189b87df33f3747d2524458f4a7c29be6089d38096d4986da36/uvicorn-0.30.1.tar.gz", hash = "sha256:8f19da5587638151306bc5c9aa995d182566ec3da580f4f9f77f3e695d73c79e" }
wheel = { url = "https://files.pythonhosted.org/packages/95/04/ff30ae0ca656204c330f670733d3215082161989069d95f87b32f1118023/uvicorn-0.30.1-py3-none-any.whl", hash = "sha256:e3fe4eb60447383637e199d08e56b4f74d08c5c76045952c2f6d63ef26514d33" }
dependencies = [
    { name = "click" },
    { name = "h11" },
]

[[package]]
name = "yarl"
version = "1.9.4"
source = { registry = "https://pypi.org/simple" }
sdist = { url = "https://files.pythonhosted.org/packages/4c/83/879e671754020a10368b1a319f39be9b6ec01391d41865a7f9202613e54b/yarl-1.9.4.tar.gz", hash = "sha256:c03ab768000679808935c1505963286395ec197825593e36e65660882e30737a" }
wheel = { url = "https://files.pythonhosted.org/packages/66/97/81923e59074092b7722759e663a75877db0beba2b6e1ba0911a37c02c610/yarl-1.9.4-cp311-cp311-manylinux_2_17_x86_64.manylinux2014_x86_64.whl", hash = "sha256:963a73c4f0393086307f59d57187425f385c6020522c070c7e2c904975548325" }
dependencies = [
    { name = "idna" },
    { name = "multidict" },
]

[metadata]
requires-dist = [
    { name = "discord-py", specifier = ">=2.3.0" },
    { name = "mcp", specifier = ">=0.1.0" },
    { name = "starlette", specifier = ">=0.35.0" },
    { name = "uvicorn", specifier = ">=0.25.0" },
]
